
Microsoft Visual Studio Solution File, Format Version 12.00
# Visual Studio Version 16
VisualStudioVersion = 16.0.29709.97
MinimumVisualStudioVersion = 10.0.40219.1
Project("{FAE04EC0-301F-11D3-BF4B-00C04F79EFBC}") = "CourseSurface.UI", "CourseSurface.UI.csproj", "{3CA2F553-E2B1-41D6-884B-AC46253F4C25}"
EndProject
Project("{888888A0-9F3D-457C-B088-3A5042F75D52}") = "CourseSurface.Python", "..\PythonSurface\CourseSurface.Python.pyproj", "{435456D4-DD9D-4A51-8EA5-DE7161F3BA83}"
EndProject
Project("{FAE04EC0-301F-11D3-BF4B-00C04F79EFBC}") = "CourseSurface.RightRectangleMethodLogic", "..\CourseSurface.RightRectangleMethodLogic\CourseSurface.RightRectangleMethodLogic.csproj", "{4952F4D6-1531-435F-9621-6908F9B5D982}"
EndProject
Global
	GlobalSection(SolutionConfigurationPlatforms) = preSolution
		Debug|Any CPU = Debug|Any CPU
		Release|Any CPU = Release|Any CPU
	EndGlobalSection
	GlobalSection(ProjectConfigurationPlatforms) = postSolution
		{3CA2F553-E2B1-41D6-884B-AC46253F4C25}.Debug|Any CPU.ActiveCfg = Debug|Any CPU
		{3CA2F553-E2B1-41D6-884B-AC46253F4C25}.Debug|Any CPU.Build.0 = Debug|Any CPU
		{3CA2F553-E2B1-41D6-884B-AC46253F4C25}.Release|Any CPU.ActiveCfg = Release|Any CPU
		{3CA2F553-E2B1-41D6-884B-AC46253F4C25}.Release|Any CPU.Build.0 = Release|Any CPU
		{435456D4-DD9D-4A51-8EA5-DE7161F3BA83}.Debug|Any CPU.ActiveCfg = Debug|Any CPU
		{435456D4-DD9D-4A51-8EA5-DE7161F3BA83}.Release|Any CPU.ActiveCfg = Release|Any CPU
		{4952F4D6-1531-435F-9621-6908F9B5D982}.Debug|Any CPU.ActiveCfg = Debug|Any CPU
		{4952F4D6-1531-435F-9621-6908F9B5D982}.Debug|Any CPU.Build.0 = Debug|Any CPU
		{4952F4D6-1531-435F-9621-6908F9B5D982}.Release|Any CPU.ActiveCfg = Release|Any CPU
		{4952F4D6-1531-435F-9621-6908F9B5D982}.Release|Any CPU.Build.0 = Release|Any CPU
	EndGlobalSection
	GlobalSection(SolutionProperties) = preSolution
		HideSolutionNode = FALSE
	EndGlobalSection
	GlobalSection(ExtensibilityGlobals) = postSolution
		SolutionGuid = {8F5F31C8-2DEA-4AA6-9CED-1AD3A1AB8A42}
	EndGlobalSection
EndGlobal
